
Microsoft Visual Studio Solution File, Format Version 12.00
# Visual Studio Version 16
VisualStudioVersion = 16.0.31205.134
MinimumVisualStudioVersion = 10.0.40219.1
Project("{9A19103F-16F7-4668-BE54-9A1E7A4F7556}") = "FileAPI_Client", "FileAPI_Client\FileAPI_Client.csproj", "{0D494182-37EF-4BBE-99DF-C49C493ACCCA}"
EndProject
Global
	GlobalSection(SolutionConfigurationPlatforms) = preSolution
		Debug|Any CPU = Debug|Any CPU
		Release|Any CPU = Release|Any CPU
	EndGlobalSection
	GlobalSection(ProjectConfigurationPlatforms) = postSolution
		{0D494182-37EF-4BBE-99DF-C49C493ACCCA}.Debug|Any CPU.ActiveCfg = Debug|Any CPU
		{0D494182-37EF-4BBE-99DF-C49C493ACCCA}.Debug|Any CPU.Build.0 = Debug|Any CPU
		{0D494182-37EF-4BBE-99DF-C49C493ACCCA}.Release|Any CPU.ActiveCfg = Release|Any CPU
		{0D494182-37EF-4BBE-99DF-C49C493ACCCA}.Release|Any CPU.Build.0 = Release|Any CPU
	EndGlobalSection
	GlobalSection(SolutionProperties) = preSolution
		HideSolutionNode = FALSE
	EndGlobalSection
	GlobalSection(ExtensibilityGlobals) = postSolution
		SolutionGuid = {C656122B-15B8-42FE-9811-E09E2610E106}
	EndGlobalSection
EndGlobal
